
Microsoft Visual Studio Solution File, Format Version 12.00
# Visual Studio 14
VisualStudioVersion = 14.0.25420.1
MinimumVisualStudioVersion = 10.0.40219.1
Project("{FAE04EC0-301F-11D3-BF4B-00C04F79EFBC}") = "Laplace.LiteCOS.Web", "Laplace.LiteCOS.Web\Laplace.LiteCOS.Web.csproj", "{3A53F4D5-23F9-4B70-B5BF-CD21D2E15226}"
EndProject
Project("{FAE04EC0-301F-11D3-BF4B-00C04F79EFBC}") = "Laplace.LiteCOS.Wechat", "Laplace.LiteCOS.Wechat\Laplace.LiteCOS.Wechat.csproj", "{5BBC4FE8-1CFE-4347-8394-41C30DB3A116}"
EndProject
Project("{2150E333-8FDC-42A3-9474-1A3956D46DE8}") = "1.Framework", "1.Framework", "{97238E61-8B5D-4A70-BF51-E35876A90245}"
EndProject
Project("{FAE04EC0-301F-11D3-BF4B-00C04F79EFBC}") = "Laplace.Framework", "Laplace.Framework\Laplace.Framework.csproj", "{9D71145C-0215-4069-B80D-B391CC891B09}"
EndProject
Project("{FAE04EC0-301F-11D3-BF4B-00C04F79EFBC}") = "Laplace.Framework.Orm", "Laplace.Framework.Orm\Laplace.Framework.Orm.csproj", "{B06C2502-49AE-4C34-A500-C895CA57F90A}"
EndProject
Project("{FAE04EC0-301F-11D3-BF4B-00C04F79EFBC}") = "Laplace.Framework.Log", "Laplace.Framework.Log\Laplace.Framework.Log.csproj", "{934C0B0E-1B98-412B-951E-7232A0A12188}"
EndProject
Project("{FAE04EC0-301F-11D3-BF4B-00C04F79EFBC}") = "Laplace.Framework.Redis", "Laplace.Framework.Redis\Laplace.Framework.Redis.csproj", "{1453C817-EBE5-4211-BF04-963AD8E3FCA4}"
EndProject
Project("{2150E333-8FDC-42A3-9474-1A3956D46DE8}") = "2.Core", "2.Core", "{363CB3D8-51F3-4BD6-A28B-7512DB079B51}"
EndProject
Project("{FAE04EC0-301F-11D3-BF4B-00C04F79EFBC}") = "Laplace.LiteCOS.Model", "Laplace.LiteCOS.Model\Laplace.LiteCOS.Model.csproj", "{8FCC737B-551D-4C1F-8AD5-B798DAA60C68}"
EndProject
Project("{2150E333-8FDC-42A3-9474-1A3956D46DE8}") = "3.Gprs", "3.Gprs", "{FE2A06E8-9DEE-4404-BC25-E0BF2F42A5CE}"
EndProject
Project("{2150E333-8FDC-42A3-9474-1A3956D46DE8}") = "4.Web", "4.Web", "{0408DF04-46C9-47C2-810A-1F614194F7C2}"
EndProject
Project("{FAE04EC0-301F-11D3-BF4B-00C04F79EFBC}") = "Laplace.LiteCOS.Bll", "Laplace.LiteCOS.Bll\Laplace.LiteCOS.Bll.csproj", "{176064BD-E2EE-42F6-A192-E4B8D43674B9}"
EndProject
Project("{FAE04EC0-301F-11D3-BF4B-00C04F79EFBC}") = "Laplace.LiteCOS.Dal", "Laplace.LiteCOS.Dal\Laplace.LiteCOS.Dal.csproj", "{3D8C0998-771A-43B9-A227-491BE502B705}"
EndProject
Project("{2150E333-8FDC-42A3-9474-1A3956D46DE8}") = "Tool", "Tool", "{DB62963E-243D-455B-8974-79E32AE872A7}"
EndProject
Project("{FAE04EC0-301F-11D3-BF4B-00C04F79EFBC}") = "Laplace.LiteCOS.Global", "Laplace.LiteCOS.Global\Laplace.LiteCOS.Global.csproj", "{FF9A3E12-8CD4-4BC7-8A84-13F9B497A789}"
EndProject
Project("{FAE04EC0-301F-11D3-BF4B-00C04F79EFBC}") = "Laplace.LiteCOS.Common", "Laplace.LiteCOS.Common\Laplace.LiteCOS.Common.csproj", "{7EEF917A-92C5-4135-B88A-558353944127}"
EndProject
Project("{FAE04EC0-301F-11D3-BF4B-00C04F79EFBC}") = "Laplace.LiteCOS.DataBaseTool", "Laplace.LiteCOS.DataBaseTool\Laplace.LiteCOS.DataBaseTool.csproj", "{C92FB154-D9B8-427F-8ACD-1D72302AA0CF}"
EndProject
Project("{FAE04EC0-301F-11D3-BF4B-00C04F79EFBC}") = "Laplace.LiteCOS.UnitTests", "Laplace.LiteCOS.UnitTest\Laplace.LiteCOS.UnitTests.csproj", "{43450051-9BA4-47A5-9E93-79ADA4F7048C}"
EndProject
Global
	GlobalSection(SolutionConfigurationPlatforms) = preSolution
		Debug|Any CPU = Debug|Any CPU
		NoSms|Any CPU = NoSms|Any CPU
		Release|Any CPU = Release|Any CPU
	EndGlobalSection
	GlobalSection(ProjectConfigurationPlatforms) = postSolution
		{3A53F4D5-23F9-4B70-B5BF-CD21D2E15226}.Debug|Any CPU.ActiveCfg = Debug|Any CPU
		{3A53F4D5-23F9-4B70-B5BF-CD21D2E15226}.Debug|Any CPU.Build.0 = Debug|Any CPU
		{3A53F4D5-23F9-4B70-B5BF-CD21D2E15226}.NoSms|Any CPU.ActiveCfg = Release|Any CPU
		{3A53F4D5-23F9-4B70-B5BF-CD21D2E15226}.NoSms|Any CPU.Build.0 = Release|Any CPU
		{3A53F4D5-23F9-4B70-B5BF-CD21D2E15226}.Release|Any CPU.ActiveCfg = Release|Any CPU
		{3A53F4D5-23F9-4B70-B5BF-CD21D2E15226}.Release|Any CPU.Build.0 = Release|Any CPU
		{5BBC4FE8-1CFE-4347-8394-41C30DB3A116}.Debug|Any CPU.ActiveCfg = Debug|Any CPU
		{5BBC4FE8-1CFE-4347-8394-41C30DB3A116}.Debug|Any CPU.Build.0 = Debug|Any CPU
		{5BBC4FE8-1CFE-4347-8394-41C30DB3A116}.NoSms|Any CPU.ActiveCfg = Release|Any CPU
		{5BBC4FE8-1CFE-4347-8394-41C30DB3A116}.NoSms|Any CPU.Build.0 = Release|Any CPU
		{5BBC4FE8-1CFE-4347-8394-41C30DB3A116}.Release|Any CPU.ActiveCfg = Release|Any CPU
		{5BBC4FE8-1CFE-4347-8394-41C30DB3A116}.Release|Any CPU.Build.0 = Release|Any CPU
		{9D71145C-0215-4069-B80D-B391CC891B09}.Debug|Any CPU.ActiveCfg = Debug|Any CPU
		{9D71145C-0215-4069-B80D-B391CC891B09}.Debug|Any CPU.Build.0 = Debug|Any CPU
		{9D71145C-0215-4069-B80D-B391CC891B09}.NoSms|Any CPU.ActiveCfg = NoSms|Any CPU
		{9D71145C-0215-4069-B80D-B391CC891B09}.NoSms|Any CPU.Build.0 = NoSms|Any CPU
		{9D71145C-0215-4069-B80D-B391CC891B09}.Release|Any CPU.ActiveCfg = Release|Any CPU
		{9D71145C-0215-4069-B80D-B391CC891B09}.Release|Any CPU.Build.0 = Release|Any CPU
		{B06C2502-49AE-4C34-A500-C895CA57F90A}.Debug|Any CPU.ActiveCfg = Debug|Any CPU
		{B06C2502-49AE-4C34-A500-C895CA57F90A}.Debug|Any CPU.Build.0 = Debug|Any CPU
		{B06C2502-49AE-4C34-A500-C895CA57F90A}.NoSms|Any CPU.ActiveCfg = NoSms|Any CPU
		{B06C2502-49AE-4C34-A500-C895CA57F90A}.NoSms|Any CPU.Build.0 = NoSms|Any CPU
		{B06C2502-49AE-4C34-A500-C895CA57F90A}.Release|Any CPU.ActiveCfg = Release|Any CPU
		{B06C2502-49AE-4C34-A500-C895CA57F90A}.Release|Any CPU.Build.0 = Release|Any CPU
		{934C0B0E-1B98-412B-951E-7232A0A12188}.Debug|Any CPU.ActiveCfg = Debug|Any CPU
		{934C0B0E-1B98-412B-951E-7232A0A12188}.Debug|Any CPU.Build.0 = Debug|Any CPU
		{934C0B0E-1B98-412B-951E-7232A0A12188}.NoSms|Any CPU.ActiveCfg = NoSms|Any CPU
		{934C0B0E-1B98-412B-951E-7232A0A12188}.NoSms|Any CPU.Build.0 = NoSms|Any CPU
		{934C0B0E-1B98-412B-951E-7232A0A12188}.Release|Any CPU.ActiveCfg = Release|Any CPU
		{934C0B0E-1B98-412B-951E-7232A0A12188}.Release|Any CPU.Build.0 = Release|Any CPU
		{1453C817-EBE5-4211-BF04-963AD8E3FCA4}.Debug|Any CPU.ActiveCfg = Debug|Any CPU
		{1453C817-EBE5-4211-BF04-963AD8E3FCA4}.Debug|Any CPU.Build.0 = Debug|Any CPU
		{1453C817-EBE5-4211-BF04-963AD8E3FCA4}.NoSms|Any CPU.ActiveCfg = NoSms|Any CPU
		{1453C817-EBE5-4211-BF04-963AD8E3FCA4}.NoSms|Any CPU.Build.0 = NoSms|Any CPU
		{1453C817-EBE5-4211-BF04-963AD8E3FCA4}.Release|Any CPU.ActiveCfg = Release|Any CPU
		{1453C817-EBE5-4211-BF04-963AD8E3FCA4}.Release|Any CPU.Build.0 = Release|Any CPU
		{8FCC737B-551D-4C1F-8AD5-B798DAA60C68}.Debug|Any CPU.ActiveCfg = Debug|Any CPU
		{8FCC737B-551D-4C1F-8AD5-B798DAA60C68}.Debug|Any CPU.Build.0 = Debug|Any CPU
		{8FCC737B-551D-4C1F-8AD5-B798DAA60C68}.NoSms|Any CPU.ActiveCfg = Release|Any CPU
		{8FCC737B-551D-4C1F-8AD5-B798DAA60C68}.NoSms|Any CPU.Build.0 = Release|Any CPU
		{8FCC737B-551D-4C1F-8AD5-B798DAA60C68}.Release|Any CPU.ActiveCfg = Release|Any CPU
		{8FCC737B-551D-4C1F-8AD5-B798DAA60C68}.Release|Any CPU.Build.0 = Release|Any CPU
		{176064BD-E2EE-42F6-A192-E4B8D43674B9}.Debug|Any CPU.ActiveCfg = Debug|Any CPU
		{176064BD-E2EE-42F6-A192-E4B8D43674B9}.Debug|Any CPU.Build.0 = Debug|Any CPU
		{176064BD-E2EE-42F6-A192-E4B8D43674B9}.NoSms|Any CPU.ActiveCfg = Release|Any CPU
		{176064BD-E2EE-42F6-A192-E4B8D43674B9}.NoSms|Any CPU.Build.0 = Release|Any CPU
		{176064BD-E2EE-42F6-A192-E4B8D43674B9}.Release|Any CPU.ActiveCfg = Release|Any CPU
		{176064BD-E2EE-42F6-A192-E4B8D43674B9}.Release|Any CPU.Build.0 = Release|Any CPU
		{3D8C0998-771A-43B9-A227-491BE502B705}.Debug|Any CPU.ActiveCfg = Debug|Any CPU
		{3D8C0998-771A-43B9-A227-491BE502B705}.Debug|Any CPU.Build.0 = Debug|Any CPU
		{3D8C0998-771A-43B9-A227-491BE502B705}.NoSms|Any CPU.ActiveCfg = Release|Any CPU
		{3D8C0998-771A-43B9-A227-491BE502B705}.NoSms|Any CPU.Build.0 = Release|Any CPU
		{3D8C0998-771A-43B9-A227-491BE502B705}.Release|Any CPU.ActiveCfg = Release|Any CPU
		{3D8C0998-771A-43B9-A227-491BE502B705}.Release|Any CPU.Build.0 = Release|Any CPU
		{FF9A3E12-8CD4-4BC7-8A84-13F9B497A789}.Debug|Any CPU.ActiveCfg = Debug|Any CPU
		{FF9A3E12-8CD4-4BC7-8A84-13F9B497A789}.Debug|Any CPU.Build.0 = Debug|Any CPU
		{FF9A3E12-8CD4-4BC7-8A84-13F9B497A789}.NoSms|Any CPU.ActiveCfg = Release|Any CPU
		{FF9A3E12-8CD4-4BC7-8A84-13F9B497A789}.NoSms|Any CPU.Build.0 = Release|Any CPU
		{FF9A3E12-8CD4-4BC7-8A84-13F9B497A789}.Release|Any CPU.ActiveCfg = Release|Any CPU
		{FF9A3E12-8CD4-4BC7-8A84-13F9B497A789}.Release|Any CPU.Build.0 = Release|Any CPU
		{7EEF917A-92C5-4135-B88A-558353944127}.Debug|Any CPU.ActiveCfg = Debug|Any CPU
		{7EEF917A-92C5-4135-B88A-558353944127}.Debug|Any CPU.Build.0 = Debug|Any CPU
		{7EEF917A-92C5-4135-B88A-558353944127}.NoSms|Any CPU.ActiveCfg = Release|Any CPU
		{7EEF917A-92C5-4135-B88A-558353944127}.NoSms|Any CPU.Build.0 = Release|Any CPU
		{7EEF917A-92C5-4135-B88A-558353944127}.Release|Any CPU.ActiveCfg = Release|Any CPU
		{7EEF917A-92C5-4135-B88A-558353944127}.Release|Any CPU.Build.0 = Release|Any CPU
		{C92FB154-D9B8-427F-8ACD-1D72302AA0CF}.Debug|Any CPU.ActiveCfg = Debug|Any CPU
		{C92FB154-D9B8-427F-8ACD-1D72302AA0CF}.Debug|Any CPU.Build.0 = Debug|Any CPU
		{C92FB154-D9B8-427F-8ACD-1D72302AA0CF}.NoSms|Any CPU.ActiveCfg = Release|Any CPU
		{C92FB154-D9B8-427F-8ACD-1D72302AA0CF}.NoSms|Any CPU.Build.0 = Release|Any CPU
		{C92FB154-D9B8-427F-8ACD-1D72302AA0CF}.Release|Any CPU.ActiveCfg = Release|Any CPU
		{C92FB154-D9B8-427F-8ACD-1D72302AA0CF}.Release|Any CPU.Build.0 = Release|Any CPU
		{43450051-9BA4-47A5-9E93-79ADA4F7048C}.Debug|Any CPU.ActiveCfg = Debug|Any CPU
		{43450051-9BA4-47A5-9E93-79ADA4F7048C}.Debug|Any CPU.Build.0 = Debug|Any CPU
		{43450051-9BA4-47A5-9E93-79ADA4F7048C}.NoSms|Any CPU.ActiveCfg = Release|Any CPU
		{43450051-9BA4-47A5-9E93-79ADA4F7048C}.NoSms|Any CPU.Build.0 = Release|Any CPU
		{43450051-9BA4-47A5-9E93-79ADA4F7048C}.Release|Any CPU.ActiveCfg = Release|Any CPU
		{43450051-9BA4-47A5-9E93-79ADA4F7048C}.Release|Any CPU.Build.0 = Release|Any CPU
	EndGlobalSection
	GlobalSection(SolutionProperties) = preSolution
		HideSolutionNode = FALSE
	EndGlobalSection
	GlobalSection(NestedProjects) = preSolution
		{3A53F4D5-23F9-4B70-B5BF-CD21D2E15226} = {0408DF04-46C9-47C2-810A-1F614194F7C2}
		{5BBC4FE8-1CFE-4347-8394-41C30DB3A116} = {0408DF04-46C9-47C2-810A-1F614194F7C2}
		{9D71145C-0215-4069-B80D-B391CC891B09} = {97238E61-8B5D-4A70-BF51-E35876A90245}
		{B06C2502-49AE-4C34-A500-C895CA57F90A} = {97238E61-8B5D-4A70-BF51-E35876A90245}
		{934C0B0E-1B98-412B-951E-7232A0A12188} = {97238E61-8B5D-4A70-BF51-E35876A90245}
		{1453C817-EBE5-4211-BF04-963AD8E3FCA4} = {97238E61-8B5D-4A70-BF51-E35876A90245}
		{8FCC737B-551D-4C1F-8AD5-B798DAA60C68} = {363CB3D8-51F3-4BD6-A28B-7512DB079B51}
		{176064BD-E2EE-42F6-A192-E4B8D43674B9} = {363CB3D8-51F3-4BD6-A28B-7512DB079B51}
		{3D8C0998-771A-43B9-A227-491BE502B705} = {363CB3D8-51F3-4BD6-A28B-7512DB079B51}
		{FF9A3E12-8CD4-4BC7-8A84-13F9B497A789} = {363CB3D8-51F3-4BD6-A28B-7512DB079B51}
		{7EEF917A-92C5-4135-B88A-558353944127} = {FE2A06E8-9DEE-4404-BC25-E0BF2F42A5CE}
		{C92FB154-D9B8-427F-8ACD-1D72302AA0CF} = {DB62963E-243D-455B-8974-79E32AE872A7}
		{43450051-9BA4-47A5-9E93-79ADA4F7048C} = {DB62963E-243D-455B-8974-79E32AE872A7}
	EndGlobalSection
EndGlobal
